// !$*UTF8*$!
{
	archiveVersion = 1;
	classes = {
	};
	objectVersion = 50;
	objects = {

/* Begin PBXBuildFile section */
		29227FB1237B5CAB006DE80A /* Repeat.swift in Sources */ = {isa = PBXBuildFile; fileRef = 29227FB0237B5CAB006DE80A /* Repeat.swift */; };
		29227FB4237B5DBB006DE80A /* RepeatTableViewController.swift in Sources */ = {isa = PBXBuildFile; fileRef = 29227FB3237B5DBB006DE80A /* RepeatTableViewController.swift */; };
		29227FB6237B61E2006DE80A /* OperationsWithDate.swift in Sources */ = {isa = PBXBuildFile; fileRef = 29227FB5237B61E2006DE80A /* OperationsWithDate.swift */; };
		297BC11B237B6CD800CB19A5 /* AddTaskViewModel.swift in Sources */ = {isa = PBXBuildFile; fileRef = 297BC11A237B6CD800CB19A5 /* AddTaskViewModel.swift */; };
		29ABDF702379F78A00F49C69 /* AppDelegate.swift in Sources */ = {isa = PBXBuildFile; fileRef = 29ABDF6F2379F78A00F49C69 /* AppDelegate.swift */; };
		29ABDF752379F78A00F49C69 /* Main.storyboard in Resources */ = {isa = PBXBuildFile; fileRef = 29ABDF732379F78A00F49C69 /* Main.storyboard */; };
		29ABDF782379F78A00F49C69 /* World_of_Mind.xcdatamodeld in Sources */ = {isa = PBXBuildFile; fileRef = 29ABDF762379F78A00F49C69 /* World_of_Mind.xcdatamodeld */; };
		29ABDF7A2379F78F00F49C69 /* Assets.xcassets in Resources */ = {isa = PBXBuildFile; fileRef = 29ABDF792379F78F00F49C69 /* Assets.xcassets */; };
		29ABDF7D2379F78F00F49C69 /* LaunchScreen.storyboard in Resources */ = {isa = PBXBuildFile; fileRef = 29ABDF7B2379F78F00F49C69 /* LaunchScreen.storyboard */; };
		29B99FE8237C808700742BEF /* NotificationManager.swift in Sources */ = {isa = PBXBuildFile; fileRef = 29B99FE7237C808700742BEF /* NotificationManager.swift */; };
		29E023752379FA9A000E0684 /* CalendarViewController.swift in Sources */ = {isa = PBXBuildFile; fileRef = 29E023742379FA9A000E0684 /* CalendarViewController.swift */; };
		29E023782379FAE9000E0684 /* MonthView.swift in Sources */ = {isa = PBXBuildFile; fileRef = 29E023772379FAE9000E0684 /* MonthView.swift */; };
		29E0237B2379FB09000E0684 /* CalenderView.swift in Sources */ = {isa = PBXBuildFile; fileRef = 29E023792379FB09000E0684 /* CalenderView.swift */; };
		29E0237C2379FB09000E0684 /* WeekdaysView.swift in Sources */ = {isa = PBXBuildFile; fileRef = 29E0237A2379FB09000E0684 /* WeekdaysView.swift */; };
		29E0237E237A0A3B000E0684 /* TasksListViewController.swift in Sources */ = {isa = PBXBuildFile; fileRef = 29E0237D237A0A3B000E0684 /* TasksListViewController.swift */; };
		29E02381237B233A000E0684 /* AddTaskViewController.swift in Sources */ = {isa = PBXBuildFile; fileRef = 29E02380237B233A000E0684 /* AddTaskViewController.swift */; };
		29E02386237B26AB000E0684 /* TaskManager.swift in Sources */ = {isa = PBXBuildFile; fileRef = 29E02385237B26AB000E0684 /* TaskManager.swift */; };
/* End PBXBuildFile section */

/* Begin PBXFileReference section */
		29227FB0237B5CAB006DE80A /* Repeat.swift */ = {isa = PBXFileReference; lastKnownFileType = sourcecode.swift; name = Repeat.swift; path = ../Repeat.swift; sourceTree = "<group>"; };
		29227FB3237B5DBB006DE80A /* RepeatTableViewController.swift */ = {isa = PBXFileReference; lastKnownFileType = sourcecode.swift; path = RepeatTableViewController.swift; sourceTree = "<group>"; };
		29227FB5237B61E2006DE80A /* OperationsWithDate.swift */ = {isa = PBXFileReference; lastKnownFileType = sourcecode.swift; path = OperationsWithDate.swift; sourceTree = "<group>"; };
		297BC11A237B6CD800CB19A5 /* AddTaskViewModel.swift */ = {isa = PBXFileReference; lastKnownFileType = sourcecode.swift; path = AddTaskViewModel.swift; sourceTree = "<group>"; };
		29ABDF6C2379F78A00F49C69 /* World of Mind.app */ = {isa = PBXFileReference; explicitFileType = wrapper.application; includeInIndex = 0; path = "World of Mind.app"; sourceTree = BUILT_PRODUCTS_DIR; };
		29ABDF6F2379F78A00F49C69 /* AppDelegate.swift */ = {isa = PBXFileReference; lastKnownFileType = sourcecode.swift; path = AppDelegate.swift; sourceTree = "<group>"; };
		29ABDF742379F78A00F49C69 /* Base */ = {isa = PBXFileReference; lastKnownFileType = file.storyboard; name = Base; path = Base.lproj/Main.storyboard; sourceTree = "<group>"; };
		29ABDF772379F78A00F49C69 /* World_of_Mind.xcdatamodel */ = {isa = PBXFileReference; lastKnownFileType = wrapper.xcdatamodel; path = World_of_Mind.xcdatamodel; sourceTree = "<group>"; };
		29ABDF792379F78F00F49C69 /* Assets.xcassets */ = {isa = PBXFileReference; lastKnownFileType = folder.assetcatalog; path = Assets.xcassets; sourceTree = "<group>"; };
		29ABDF7C2379F78F00F49C69 /* Base */ = {isa = PBXFileReference; lastKnownFileType = file.storyboard; name = Base; path = Base.lproj/LaunchScreen.storyboard; sourceTree = "<group>"; };
		29ABDF7E2379F78F00F49C69 /* Info.plist */ = {isa = PBXFileReference; lastKnownFileType = text.plist.xml; path = Info.plist; sourceTree = "<group>"; };
		29B99FE7237C808700742BEF /* NotificationManager.swift */ = {isa = PBXFileReference; lastKnownFileType = sourcecode.swift; path = NotificationManager.swift; sourceTree = "<group>"; };
		29E023742379FA9A000E0684 /* CalendarViewController.swift */ = {isa = PBXFileReference; lastKnownFileType = sourcecode.swift; path = CalendarViewController.swift; sourceTree = "<group>"; };
		29E023772379FAE9000E0684 /* MonthView.swift */ = {isa = PBXFileReference; lastKnownFileType = sourcecode.swift; path = MonthView.swift; sourceTree = "<group>"; };
		29E023792379FB09000E0684 /* CalenderView.swift */ = {isa = PBXFileReference; lastKnownFileType = sourcecode.swift; path = CalenderView.swift; sourceTree = "<group>"; };
		29E0237A2379FB09000E0684 /* WeekdaysView.swift */ = {isa = PBXFileReference; lastKnownFileType = sourcecode.swift; path = WeekdaysView.swift; sourceTree = "<group>"; };
		29E0237D237A0A3B000E0684 /* TasksListViewController.swift */ = {isa = PBXFileReference; lastKnownFileType = sourcecode.swift; path = TasksListViewController.swift; sourceTree = "<group>"; };
		29E02380237B233A000E0684 /* AddTaskViewController.swift */ = {isa = PBXFileReference; lastKnownFileType = sourcecode.swift; path = AddTaskViewController.swift; sourceTree = "<group>"; };
		29E02385237B26AB000E0684 /* TaskManager.swift */ = {isa = PBXFileReference; lastKnownFileType = sourcecode.swift; path = TaskManager.swift; sourceTree = "<group>"; };
/* End PBXFileReference section */

/* Begin PBXFrameworksBuildPhase section */
		29ABDF692379F78A00F49C69 /* Frameworks */ = {
			isa = PBXFrameworksBuildPhase;
			buildActionMask = 2147483647;
			files = (
			);
			runOnlyForDeploymentPostprocessing = 0;
		};
/* End PBXFrameworksBuildPhase section */

/* Begin PBXGroup section */
		29227FB2237B5CB5006DE80A /* Helper Classes */ = {
			isa = PBXGroup;
			children = (
				29227FB0237B5CAB006DE80A /* Repeat.swift */,
				29B99FE7237C808700742BEF /* NotificationManager.swift */,
				29227FB5237B61E2006DE80A /* OperationsWithDate.swift */,
			);
			path = "Helper Classes";
			sourceTree = "<group>";
		};
		297BC11C237B6CDD00CB19A5 /* New Group */ = {
			isa = PBXGroup;
			children = (
				29227FB3237B5DBB006DE80A /* RepeatTableViewController.swift */,
			);
			path = "New Group";
			sourceTree = "<group>";
		};
		29ABDF632379F78A00F49C69 = {
			isa = PBXGroup;
			children = (
				29ABDF6E2379F78A00F49C69 /* World of Mind */,
				29ABDF6D2379F78A00F49C69 /* Products */,
			);
			sourceTree = "<group>";
		};
		29ABDF6D2379F78A00F49C69 /* Products */ = {
			isa = PBXGroup;
			children = (
				29ABDF6C2379F78A00F49C69 /* World of Mind.app */,
			);
			name = Products;
			sourceTree = "<group>";
		};
		29ABDF6E2379F78A00F49C69 /* World of Mind */ = {
			isa = PBXGroup;
			children = (
				29ABDF6F2379F78A00F49C69 /* AppDelegate.swift */,
				29ABDF732379F78A00F49C69 /* Main.storyboard */,
				29227FB2237B5CB5006DE80A /* Helper Classes */,
				29E023762379FA9F000E0684 /* Calendar */,
				29ABDF792379F78F00F49C69 /* Assets.xcassets */,
				29ABDF7B2379F78F00F49C69 /* LaunchScreen.storyboard */,
				29ABDF7E2379F78F00F49C69 /* Info.plist */,
				29ABDF762379F78A00F49C69 /* World_of_Mind.xcdatamodeld */,
			);
			path = "World of Mind";
			sourceTree = "<group>";
		};
		29E023762379FA9F000E0684 /* Calendar */ = {
			isa = PBXGroup;
			children = (
				29E023742379FA9A000E0684 /* CalendarViewController.swift */,
				29E023772379FAE9000E0684 /* MonthView.swift */,
				29E023792379FB09000E0684 /* CalenderView.swift */,
				29E0237A2379FB09000E0684 /* WeekdaysView.swift */,
				29E0237F237A0A57000E0684 /* TasksList */,
			);
			path = Calendar;
			sourceTree = "<group>";
		};
		29E0237F237A0A57000E0684 /* TasksList */ = {
			isa = PBXGroup;
			children = (
				29E0237D237A0A3B000E0684 /* TasksListViewController.swift */,
				29E02385237B26AB000E0684 /* TaskManager.swift */,
				29E02382237B2340000E0684 /* Add Task */,
			);
			path = TasksList;
			sourceTree = "<group>";
		};
		29E02382237B2340000E0684 /* Add Task */ = {
			isa = PBXGroup;
			children = (
				29E02380237B233A000E0684 /* AddTaskViewController.swift */,
				297BC11A237B6CD800CB19A5 /* AddTaskViewModel.swift */,
				297BC11C237B6CDD00CB19A5 /* New Group */,
			);
			path = "Add Task";
			sourceTree = "<group>";
		};
/* End PBXGroup section */

/* Begin PBXNativeTarget section */
		29ABDF6B2379F78A00F49C69 /* World of Mind */ = {
			isa = PBXNativeTarget;
			buildConfigurationList = 29ABDF812379F78F00F49C69 /* Build configuration list for PBXNativeTarget "World of Mind" */;
			buildPhases = (
				29ABDF682379F78A00F49C69 /* Sources */,
				29ABDF692379F78A00F49C69 /* Frameworks */,
				29ABDF6A2379F78A00F49C69 /* Resources */,
			);
			buildRules = (
			);
			dependencies = (
			);
			name = "World of Mind";
			productName = "World of Mind";
			productReference = 29ABDF6C2379F78A00F49C69 /* World of Mind.app */;
			productType = "com.apple.product-type.application";
		};
/* End PBXNativeTarget section */

/* Begin PBXProject section */
		29ABDF642379F78A00F49C69 /* Project object */ = {
			isa = PBXProject;
			attributes = {
				LastSwiftUpdateCheck = 1020;
				LastUpgradeCheck = 1020;
				ORGANIZATIONNAME = "Левкутник Дмитрий";
				TargetAttributes = {
					29ABDF6B2379F78A00F49C69 = {
						CreatedOnToolsVersion = 10.2.1;
					};
				};
			};
			buildConfigurationList = 29ABDF672379F78A00F49C69 /* Build configuration list for PBXProject "World of Mind" */;
			compatibilityVersion = "Xcode 9.3";
			developmentRegion = en;
			hasScannedForEncodings = 0;
			knownRegions = (
				en,
				Base,
			);
			mainGroup = 29ABDF632379F78A00F49C69;
			productRefGroup = 29ABDF6D2379F78A00F49C69 /* Products */;
			projectDirPath = "";
			projectRoot = "";
			targets = (
				29ABDF6B2379F78A00F49C69 /* World of Mind */,
			);
		};
/* End PBXProject section */

/* Begin PBXResourcesBuildPhase section */
		29ABDF6A2379F78A00F49C69 /* Resources */ = {
			isa = PBXResourcesBuildPhase;
			buildActionMask = 2147483647;
			files = (
				29ABDF7D2379F78F00F49C69 /* LaunchScreen.storyboard in Resources */,
				29ABDF7A2379F78F00F49C69 /* Assets.xcassets in Resources */,
				29ABDF752379F78A00F49C69 /* Main.storyboard in Resources */,
			);
			runOnlyForDeploymentPostprocessing = 0;
		};
/* End PBXResourcesBuildPhase section */

/* Begin PBXSourcesBuildPhase section */
		29ABDF682379F78A00F49C69 /* Sources */ = {
			isa = PBXSourcesBuildPhase;
			buildActionMask = 2147483647;
			files = (
				29227FB1237B5CAB006DE80A /* Repeat.swift in Sources */,
				29E02386237B26AB000E0684 /* TaskManager.swift in Sources */,
				297BC11B237B6CD800CB19A5 /* AddTaskViewModel.swift in Sources */,
				29B99FE8237C808700742BEF /* NotificationManager.swift in Sources */,
				29E023752379FA9A000E0684 /* CalendarViewController.swift in Sources */,
				29E02381237B233A000E0684 /* AddTaskViewController.swift in Sources */,
				29E0237C2379FB09000E0684 /* WeekdaysView.swift in Sources */,
				29227FB6237B61E2006DE80A /* OperationsWithDate.swift in Sources */,
				29ABDF702379F78A00F49C69 /* AppDelegate.swift in Sources */,
				29ABDF782379F78A00F49C69 /* World_of_Mind.xcdatamodeld in Sources */,
				29E0237E237A0A3B000E0684 /* TasksListViewController.swift in Sources */,
				29E0237B2379FB09000E0684 /* CalenderView.swift in Sources */,
				29227FB4237B5DBB006DE80A /* RepeatTableViewController.swift in Sources */,
				29E023782379FAE9000E0684 /* MonthView.swift in Sources */,
			);
			runOnlyForDeploymentPostprocessing = 0;
		};
/* End PBXSourcesBuildPhase section */

/* Begin PBXVariantGroup section */
		29ABDF732379F78A00F49C69 /* Main.storyboard */ = {
			isa = PBXVariantGroup;
			children = (
				29ABDF742379F78A00F49C69 /* Base */,
			);
			name = Main.storyboard;
			sourceTree = "<group>";
		};
		29ABDF7B2379F78F00F49C69 /* LaunchScreen.storyboard */ = {
			isa = PBXVariantGroup;
			children = (
				29ABDF7C2379F78F00F49C69 /* Base */,
			);
			name = LaunchScreen.storyboard;
			sourceTree = "<group>";
		};
/* End PBXVariantGroup section */

/* Begin XCBuildConfiguration section */
		29ABDF7F2379F78F00F49C69 /* Debug */ = {
			isa = XCBuildConfiguration;
			buildSettings = {
				ALWAYS_SEARCH_USER_PATHS = NO;
				CLANG_ANALYZER_NONNULL = YES;
				CLANG_ANALYZER_NUMBER_OBJECT_CONVERSION = YES_AGGRESSIVE;
				CLANG_CXX_LANGUAGE_STANDARD = "gnu++14";
				CLANG_CXX_LIBRARY = "libc++";
				CLANG_ENABLE_MODULES = YES;
				CLANG_ENABLE_OBJC_ARC = YES;
				CLANG_ENABLE_OBJC_WEAK = YES;
				CLANG_WARN_BLOCK_CAPTURE_AUTORELEASING = YES;
				CLANG_WARN_BOOL_CONVERSION = YES;
				CLANG_WARN_COMMA = YES;
				CLANG_WARN_CONSTANT_CONVERSION = YES;
				CLANG_WARN_DEPRECATED_OBJC_IMPLEMENTATIONS = YES;
				CLANG_WARN_DIRECT_OBJC_ISA_USAGE = YES_ERROR;
				CLANG_WARN_DOCUMENTATION_COMMENTS = YES;
				CLANG_WARN_EMPTY_BODY = YES;
				CLANG_WARN_ENUM_CONVERSION = YES;
				CLANG_WARN_INFINITE_RECURSION = YES;
				CLANG_WARN_INT_CONVERSION = YES;
				CLANG_WARN_NON_LITERAL_NULL_CONVERSION = YES;
				CLANG_WARN_OBJC_IMPLICIT_RETAIN_SELF = YES;
				CLANG_WARN_OBJC_LITERAL_CONVERSION = YES;
				CLANG_WARN_OBJC_ROOT_CLASS = YES_ERROR;
				CLANG_WARN_RANGE_LOOP_ANALYSIS = YES;
				CLANG_WARN_STRICT_PROTOTYPES = YES;
				CLANG_WARN_SUSPICIOUS_MOVE = YES;
				CLANG_WARN_UNGUARDED_AVAILABILITY = YES_AGGRESSIVE;
				CLANG_WARN_UNREACHABLE_CODE = YES;
				CLANG_WARN__DUPLICATE_METHOD_MATCH = YES;
				CODE_SIGN_IDENTITY = "iPhone Developer";
				COPY_PHASE_STRIP = NO;
				DEBUG_INFORMATION_FORMAT = dwarf;
				ENABLE_STRICT_OBJC_MSGSEND = YES;
				ENABLE_TESTABILITY = YES;
				GCC_C_LANGUAGE_STANDARD = gnu11;
				GCC_DYNAMIC_NO_PIC = NO;
				GCC_NO_COMMON_BLOCKS = YES;
				GCC_OPTIMIZATION_LEVEL = 0;
				GCC_PREPROCESSOR_DEFINITIONS = (
					"DEBUG=1",
					"$(inherited)",
				);
				GCC_WARN_64_TO_32_BIT_CONVERSION = YES;
				GCC_WARN_ABOUT_RETURN_TYPE = YES_ERROR;
				GCC_WARN_UNDECLARED_SELECTOR = YES;
				GCC_WARN_UNINITIALIZED_AUTOS = YES_AGGRESSIVE;
				GCC_WARN_UNUSED_FUNCTION = YES;
				GCC_WARN_UNUSED_VARIABLE = YES;
				IPHONEOS_DEPLOYMENT_TARGET = 12.2;
				MTL_ENABLE_DEBUG_INFO = INCLUDE_SOURCE;
				MTL_FAST_MATH = YES;
				ONLY_ACTIVE_ARCH = YES;
				SDKROOT = iphoneos;
				SWIFT_ACTIVE_COMPILATION_CONDITIONS = DEBUG;
				SWIFT_OPTIMIZATION_LEVEL = "-Onone";
			};
			name = Debug;
		};
		29ABDF802379F78F00F49C69 /* Release */ = {
			isa = XCBuildConfiguration;
			buildSettings = {
				ALWAYS_SEARCH_USER_PATHS = NO;
				CLANG_ANALYZER_NONNULL = YES;
				CLANG_ANALYZER_NUMBER_OBJECT_CONVERSION = YES_AGGRESSIVE;
				CLANG_CXX_LANGUAGE_STANDARD = "gnu++14";
				CLANG_CXX_LIBRARY = "libc++";
				CLANG_ENABLE_MODULES = YES;
				CLANG_ENABLE_OBJC_ARC = YES;
				CLANG_ENABLE_OBJC_WEAK = YES;
				CLANG_WARN_BLOCK_CAPTURE_AUTORELEASING = YES;
				CLANG_WARN_BOOL_CONVERSION = YES;
				CLANG_WARN_COMMA = YES;
				CLANG_WARN_CONSTANT_CONVERSION = YES;
				CLANG_WARN_DEPRECATED_OBJC_IMPLEMENTATIONS = YES;
				CLANG_WARN_DIRECT_OBJC_ISA_USAGE = YES_ERROR;
				CLANG_WARN_DOCUMENTATION_COMMENTS = YES;
				CLANG_WARN_EMPTY_BODY = YES;
				CLANG_WARN_ENUM_CONVERSION = YES;
				CLANG_WARN_INFINITE_RECURSION = YES;
				CLANG_WARN_INT_CONVERSION = YES;
				CLANG_WARN_NON_LITERAL_NULL_CONVERSION = YES;
				CLANG_WARN_OBJC_IMPLICIT_RETAIN_SELF = YES;
				CLANG_WARN_OBJC_LITERAL_CONVERSION = YES;
				CLANG_WARN_OBJC_ROOT_CLASS = YES_ERROR;
				CLANG_WARN_RANGE_LOOP_ANALYSIS = YES;
				CLANG_WARN_STRICT_PROTOTYPES = YES;
				CLANG_WARN_SUSPICIOUS_MOVE = YES;
				CLANG_WARN_UNGUARDED_AVAILABILITY = YES_AGGRESSIVE;
				CLANG_WARN_UNREACHABLE_CODE = YES;
				CLANG_WARN__DUPLICATE_METHOD_MATCH = YES;
				CODE_SIGN_IDENTITY = "iPhone Developer";
				COPY_PHASE_STRIP = NO;
				DEBUG_INFORMATION_FORMAT = "dwarf-with-dsym";
				ENABLE_NS_ASSERTIONS = NO;
				ENABLE_STRICT_OBJC_MSGSEND = YES;
				GCC_C_LANGUAGE_STANDARD = gnu11;
				GCC_NO_COMMON_BLOCKS = YES;
				GCC_WARN_64_TO_32_BIT_CONVERSION = YES;
				GCC_WARN_ABOUT_RETURN_TYPE = YES_ERROR;
				GCC_WARN_UNDECLARED_SELECTOR = YES;
				GCC_WARN_UNINITIALIZED_AUTOS = YES_AGGRESSIVE;
				GCC_WARN_UNUSED_FUNCTION = YES;
				GCC_WARN_UNUSED_VARIABLE = YES;
				IPHONEOS_DEPLOYMENT_TARGET = 12.2;
				MTL_ENABLE_DEBUG_INFO = NO;
				MTL_FAST_MATH = YES;
				SDKROOT = iphoneos;
				SWIFT_COMPILATION_MODE = wholemodule;
				SWIFT_OPTIMIZATION_LEVEL = "-O";
				VALIDATE_PRODUCT = YES;
			};
			name = Release;
		};
		29ABDF822379F78F00F49C69 /* Debug */ = {
			isa = XCBuildConfiguration;
			buildSettings = {
				ASSETCATALOG_COMPILER_APPICON_NAME = AppIcon;
				CODE_SIGN_STYLE = Automatic;
				DEVELOPMENT_TEAM = 3EUV3J8K83;
				INFOPLIST_FILE = "World of Mind/Info.plist";
				LD_RUNPATH_SEARCH_PATHS = (
					"$(inherited)",
					"@executable_path/Frameworks",
				);
				PRODUCT_BUNDLE_IDENTIFIER = "ua.kentukvel.World-of-Mind";
				PRODUCT_NAME = "$(TARGET_NAME)";
				SWIFT_VERSION = 5.0;
				TARGETED_DEVICE_FAMILY = "1,2";
			};
			name = Debug;
		};
		29ABDF832379F78F00F49C69 /* Release */ = {
			isa = XCBuildConfiguration;
			buildSettings = {
				ASSETCATALOG_COMPILER_APPICON_NAME = AppIcon;
				CODE_SIGN_STYLE = Automatic;
				DEVELOPMENT_TEAM = 3EUV3J8K83;
				INFOPLIST_FILE = "World of Mind/Info.plist";
				LD_RUNPATH_SEARCH_PATHS = (
					"$(inherited)",
					"@executable_path/Frameworks",
				);
				PRODUCT_BUNDLE_IDENTIFIER = "ua.kentukvel.World-of-Mind";
				PRODUCT_NAME = "$(TARGET_NAME)";
				SWIFT_VERSION = 5.0;
				TARGETED_DEVICE_FAMILY = "1,2";
			};
			name = Release;
		};
/* End XCBuildConfiguration section */

/* Begin XCConfigurationList section */
		29ABDF672379F78A00F49C69 /* Build configuration list for PBXProject "World of Mind" */ = {
			isa = XCConfigurationList;
			buildConfigurations = (
				29ABDF7F2379F78F00F49C69 /* Debug */,
				29ABDF802379F78F00F49C69 /* Release */,
			);
			defaultConfigurationIsVisible = 0;
			defaultConfigurationName = Release;
		};
		29ABDF812379F78F00F49C69 /* Build configuration list for PBXNativeTarget "World of Mind" */ = {
			isa = XCConfigurationList;
			buildConfigurations = (
				29ABDF822379F78F00F49C69 /* Debug */,
				29ABDF832379F78F00F49C69 /* Release */,
			);
			defaultConfigurationIsVisible = 0;
			defaultConfigurationName = Release;
		};
/* End XCConfigurationList section */

/* Begin XCVersionGroup section */
		29ABDF762379F78A00F49C69 /* World_of_Mind.xcdatamodeld */ = {
			isa = XCVersionGroup;
			children = (
				29ABDF772379F78A00F49C69 /* World_of_Mind.xcdatamodel */,
			);
			currentVersion = 29ABDF772379F78A00F49C69 /* World_of_Mind.xcdatamodel */;
			path = World_of_Mind.xcdatamodeld;
			sourceTree = "<group>";
			versionGroupType = wrapper.xcdatamodel;
		};
/* End XCVersionGroup section */
	};
	rootObject = 29ABDF642379F78A00F49C69 /* Project object */;
}
